// !$*UTF8*$!
{
	archiveVersion = 1;
	classes = {
	};
	objectVersion = 38;
	objects = {
		00E6828EFEC88D1A11DB9C8B = {
			buildStyles = (
				130F8B80001BD9A911CA292A,
				130F8B81001BD9A911CA292A,
			);
			hasScannedForEncodings = 1;
			isa = PBXProject;
			mainGroup = 00E6828FFEC88D1A11DB9C8B;
			productRefGroup = 0120612AFEC8923411DB9C8B;
			projectDirPath = "";
			targets = (
				130F8B84001BDB6411CA292A,
			);
		};
		00E6828FFEC88D1A11DB9C8B = {
			children = (
				00E68290FEC88D7311DB9C8B,
				F5B6492B0340F4DB0129247B,
				F5B6492A0340F4DB0129247B,
				0120612AFEC8923411DB9C8B,
			);
			isa = PBXGroup;
			refType = 4;
		};
		00E68290FEC88D7311DB9C8B = {
			fileEncoding = 5;
			isa = PBXFileReference;
			path = SwingApplet.java;
			refType = 4;
		};
//000
//001
//002
//003
//004
//010
//011
//012
//013
//014
		0120612AFEC8923411DB9C8B = {
			children = (
				F5B649280340F49A0129247B,
			);
			isa = PBXGroup;
			name = Products;
			refType = 4;
		};
//010
//011
//012
//013
//014
//130
//131
//132
//133
//134
		130F8B80001BD9A911CA292A = {
			buildRules = (
			);
			buildSettings = {
				COPY_PHASE_STRIP = NO;
			};
			isa = PBXBuildStyle;
			name = Development;
		};
		130F8B81001BD9A911CA292A = {
			buildRules = (
			);
			buildSettings = {
				COPY_PHASE_STRIP = YES;
			};
			isa = PBXBuildStyle;
			name = Deployment;
		};
		130F8B84001BDB6411CA292A = {
			buildPhases = (
				130F8B85001BDB6411CA292A,
				130F8B87001BDB6411CA292A,
				130F8B88001BDB6411CA292A,
				130F8B89001BDB6411CA292A,
			);
			buildSettings = {
				DISABLE_PARALLEL_BUILDING = YES;
				INSTALL_PATH = /Developer/Examples/Java/JFC/SwingApplet;
				JAVA_ARCHIVE_CLASSES = YES;
				JAVA_ARCHIVE_COMPRESSION = NO;
				JAVA_ARCHIVE_TYPE = JAR;
				JAVA_COMPILER = /usr/bin/javac;
				JAVA_SOURCE_SUBDIR = .;
				PRODUCT_NAME = SwingApplet;
				PURE_JAVA = YES;
				REZ_EXECUTABLE = YES;
			};
			dependencies = (
			);
			isa = PBXToolTarget;
			name = SwingApplet;
			productInstallPath = /Developer/Examples/Java/JFC/SwingApplet;
			productName = JavaAWTApplet;
			productReference = F5B649280340F49A0129247B;
		};
		130F8B85001BDB6411CA292A = {
			buildActionMask = 2147483647;
			files = (
				130F8B86001BDB6411CA292A,
			);
			isa = PBXSourcesBuildPhase;
			runOnlyForDeploymentPostprocessing = 0;
		};
		130F8B86001BDB6411CA292A = {
			fileRef = 00E68290FEC88D7311DB9C8B;
			isa = PBXBuildFile;
			settings = {
			};
		};
		130F8B87001BDB6411CA292A = {
			buildActionMask = 2147483647;
			files = (
			);
			isa = PBXJavaArchiveBuildPhase;
			runOnlyForDeploymentPostprocessing = 0;
		};
		130F8B88001BDB6411CA292A = {
			buildActionMask = 2147483647;
			files = (
			);
			isa = PBXFrameworksBuildPhase;
			runOnlyForDeploymentPostprocessing = 0;
		};
		130F8B89001BDB6411CA292A = {
			buildActionMask = 2147483647;
			dstPath = "";
			dstSubfolderSpec = 16;
			files = (
				F551FEEB0398258B01C917B9,
			);
			isa = PBXCopyFilesBuildPhase;
			runOnlyForDeploymentPostprocessing = 0;
		};
//130
//131
//132
//133
//134
//F50
//F51
//F52
//F53
//F54
		F551FEEB0398258B01C917B9 = {
			fileRef = F5B6492B0340F4DB0129247B;
			isa = PBXBuildFile;
			settings = {
			};
		};
		F5B649280340F49A0129247B = {
			includeInIndex = 0;
			isa = PBXZipArchiveReference;
			path = SwingApplet.jar;
			refType = 3;
		};
		F5B6492A0340F4DB0129247B = {
			fileEncoding = 5;
			isa = PBXFileReference;
			path = README.txt;
			refType = 4;
		};
		F5B6492B0340F4DB0129247B = {
			fileEncoding = 5;
			isa = PBXFileReference;
			path = SwingApplet.html;
			refType = 4;
		};
	};
	rootObject = 00E6828EFEC88D1A11DB9C8B;
}
